
Microsoft Visual Studio Solution File, Format Version 12.00
# Visual Studio Version 17
VisualStudioVersion = 17.11.35327.3
MinimumVisualStudioVersion = 10.0.40219.1
Project("{9A19103F-16F7-4668-BE54-9A1E7A4F7556}") = "DdsFileTypePlusLib", "DdsFileTypePlusLib\DdsFileTypePlusLib.csproj", "{95E00DBC-D70B-4775-A8E3-BAF5204228CF}"
EndProject
Project("{8BC9CEB8-8B4A-11D0-8D11-00A0C91BC942}") = "DdsFileTypePlusIO", "..\src\DdsFileTypePlusIO\DdsFileTypePlusIO.vcxproj", "{1A202FA1-EE3E-4920-9BE5-2A567FE6C6EE}"
EndProject
Project("{8BC9CEB8-8B4A-11D0-8D11-00A0C91BC942}") = "DirectXTex", "..\3rdParty\DirectXTex\DirectXTex\DirectXTex_Desktop_2022_Win10.vcxproj", "{371B9FA9-4C90-4AC6-A123-ACED756D6C77}"
EndProject
Project("{9A19103F-16F7-4668-BE54-9A1E7A4F7556}") = "__From_DDS_To_PNG__DdsFileTypePlus_", "__From_DDS_To_PNG__DdsFileTypePlus_\__From_DDS_To_PNG__DdsFileTypePlus_.csproj", "{17D90818-B266-4AAD-808F-416C79AEBF4B}"
EndProject
Project("{9A19103F-16F7-4668-BE54-9A1E7A4F7556}") = "__From_GNF_To_PNG__GFDLibrary__DdsFileTypePlus_", "__From_GNF_To_PNG__GFDLibrary__DdsFileTypePlus_\__From_GNF_To_PNG__GFDLibrary__DdsFileTypePlus_.csproj", "{220ADB77-51FD-4354-B595-3EC08CE66B2D}"
EndProject
Project("{9A19103F-16F7-4668-BE54-9A1E7A4F7556}") = "__To_DDS_From_PNG__DdsFileTypePlus_", "__To_DDS_From_PNG__DdsFileTypePlus_\__To_DDS_From_PNG__DdsFileTypePlus_.csproj", "{DEF3501C-097A-452E-8D62-8F0F18D8E26C}"
EndProject
Project("{9A19103F-16F7-4668-BE54-9A1E7A4F7556}") = "__To_GNF_From_PNG__GFDLibrary__DdsFileTypePlus_", "__To_GNF_From_PNG__GFDLibrary__DdsFileTypePlus_\__To_GNF_From_PNG__GFDLibrary__DdsFileTypePlus_.csproj", "{6E9D0958-DF38-4389-9F47-A73934532674}"
EndProject
Project("{D954291E-2A0B-460D-934E-DC6B0785DB48}") = "GFDLibrary", "..\ImageConvert\GFDLibrary\GFDLibrary.shproj", "{A4348821-C6F3-48DA-B9B2-896FA86652D3}"
EndProject
Global
	GlobalSection(SolutionConfigurationPlatforms) = preSolution
		Debug|Any CPU = Debug|Any CPU
		Debug|ARM64 = Debug|ARM64
		Debug|x64 = Debug|x64
		Debug|x86 = Debug|x86
		Profile|Any CPU = Profile|Any CPU
		Profile|ARM64 = Profile|ARM64
		Profile|x64 = Profile|x64
		Profile|x86 = Profile|x86
		Release|Any CPU = Release|Any CPU
		Release|ARM64 = Release|ARM64
		Release|x64 = Release|x64
		Release|x86 = Release|x86
	EndGlobalSection
	GlobalSection(ProjectConfigurationPlatforms) = postSolution
		{95E00DBC-D70B-4775-A8E3-BAF5204228CF}.Debug|Any CPU.ActiveCfg = Debug|Any CPU
		{95E00DBC-D70B-4775-A8E3-BAF5204228CF}.Debug|Any CPU.Build.0 = Debug|Any CPU
		{95E00DBC-D70B-4775-A8E3-BAF5204228CF}.Debug|ARM64.ActiveCfg = Debug|Any CPU
		{95E00DBC-D70B-4775-A8E3-BAF5204228CF}.Debug|ARM64.Build.0 = Debug|Any CPU
		{95E00DBC-D70B-4775-A8E3-BAF5204228CF}.Debug|x64.ActiveCfg = Debug|Any CPU
		{95E00DBC-D70B-4775-A8E3-BAF5204228CF}.Debug|x64.Build.0 = Debug|Any CPU
		{95E00DBC-D70B-4775-A8E3-BAF5204228CF}.Debug|x86.ActiveCfg = Debug|Any CPU
		{95E00DBC-D70B-4775-A8E3-BAF5204228CF}.Debug|x86.Build.0 = Debug|Any CPU
		{95E00DBC-D70B-4775-A8E3-BAF5204228CF}.Profile|Any CPU.ActiveCfg = Debug|Any CPU
		{95E00DBC-D70B-4775-A8E3-BAF5204228CF}.Profile|Any CPU.Build.0 = Debug|Any CPU
		{95E00DBC-D70B-4775-A8E3-BAF5204228CF}.Profile|ARM64.ActiveCfg = Debug|Any CPU
		{95E00DBC-D70B-4775-A8E3-BAF5204228CF}.Profile|ARM64.Build.0 = Debug|Any CPU
		{95E00DBC-D70B-4775-A8E3-BAF5204228CF}.Profile|x64.ActiveCfg = Debug|Any CPU
		{95E00DBC-D70B-4775-A8E3-BAF5204228CF}.Profile|x64.Build.0 = Debug|Any CPU
		{95E00DBC-D70B-4775-A8E3-BAF5204228CF}.Profile|x86.ActiveCfg = Debug|Any CPU
		{95E00DBC-D70B-4775-A8E3-BAF5204228CF}.Profile|x86.Build.0 = Debug|Any CPU
		{95E00DBC-D70B-4775-A8E3-BAF5204228CF}.Release|Any CPU.ActiveCfg = Release|Any CPU
		{95E00DBC-D70B-4775-A8E3-BAF5204228CF}.Release|Any CPU.Build.0 = Release|Any CPU
		{95E00DBC-D70B-4775-A8E3-BAF5204228CF}.Release|ARM64.ActiveCfg = Release|Any CPU
		{95E00DBC-D70B-4775-A8E3-BAF5204228CF}.Release|ARM64.Build.0 = Release|Any CPU
		{95E00DBC-D70B-4775-A8E3-BAF5204228CF}.Release|x64.ActiveCfg = Release|Any CPU
		{95E00DBC-D70B-4775-A8E3-BAF5204228CF}.Release|x64.Build.0 = Release|Any CPU
		{95E00DBC-D70B-4775-A8E3-BAF5204228CF}.Release|x86.ActiveCfg = Release|Any CPU
		{95E00DBC-D70B-4775-A8E3-BAF5204228CF}.Release|x86.Build.0 = Release|Any CPU
		{1A202FA1-EE3E-4920-9BE5-2A567FE6C6EE}.Debug|Any CPU.ActiveCfg = Debug|x64
		{1A202FA1-EE3E-4920-9BE5-2A567FE6C6EE}.Debug|Any CPU.Build.0 = Debug|x64
		{1A202FA1-EE3E-4920-9BE5-2A567FE6C6EE}.Debug|ARM64.ActiveCfg = Debug|ARM64
		{1A202FA1-EE3E-4920-9BE5-2A567FE6C6EE}.Debug|ARM64.Build.0 = Debug|ARM64
		{1A202FA1-EE3E-4920-9BE5-2A567FE6C6EE}.Debug|x64.ActiveCfg = Debug|x64
		{1A202FA1-EE3E-4920-9BE5-2A567FE6C6EE}.Debug|x64.Build.0 = Debug|x64
		{1A202FA1-EE3E-4920-9BE5-2A567FE6C6EE}.Debug|x86.ActiveCfg = Debug|x64
		{1A202FA1-EE3E-4920-9BE5-2A567FE6C6EE}.Debug|x86.Build.0 = Debug|x64
		{1A202FA1-EE3E-4920-9BE5-2A567FE6C6EE}.Profile|Any CPU.ActiveCfg = Debug|x64
		{1A202FA1-EE3E-4920-9BE5-2A567FE6C6EE}.Profile|Any CPU.Build.0 = Debug|x64
		{1A202FA1-EE3E-4920-9BE5-2A567FE6C6EE}.Profile|ARM64.ActiveCfg = Debug|ARM64
		{1A202FA1-EE3E-4920-9BE5-2A567FE6C6EE}.Profile|ARM64.Build.0 = Debug|ARM64
		{1A202FA1-EE3E-4920-9BE5-2A567FE6C6EE}.Profile|x64.ActiveCfg = Debug|x64
		{1A202FA1-EE3E-4920-9BE5-2A567FE6C6EE}.Profile|x64.Build.0 = Debug|x64
		{1A202FA1-EE3E-4920-9BE5-2A567FE6C6EE}.Profile|x86.ActiveCfg = Debug|x64
		{1A202FA1-EE3E-4920-9BE5-2A567FE6C6EE}.Profile|x86.Build.0 = Debug|x64
		{1A202FA1-EE3E-4920-9BE5-2A567FE6C6EE}.Release|Any CPU.ActiveCfg = Release|x64
		{1A202FA1-EE3E-4920-9BE5-2A567FE6C6EE}.Release|Any CPU.Build.0 = Release|x64
		{1A202FA1-EE3E-4920-9BE5-2A567FE6C6EE}.Release|ARM64.ActiveCfg = Release|ARM64
		{1A202FA1-EE3E-4920-9BE5-2A567FE6C6EE}.Release|ARM64.Build.0 = Release|ARM64
		{1A202FA1-EE3E-4920-9BE5-2A567FE6C6EE}.Release|x64.ActiveCfg = Release|x64
		{1A202FA1-EE3E-4920-9BE5-2A567FE6C6EE}.Release|x64.Build.0 = Release|x64
		{1A202FA1-EE3E-4920-9BE5-2A567FE6C6EE}.Release|x86.ActiveCfg = Release|x64
		{1A202FA1-EE3E-4920-9BE5-2A567FE6C6EE}.Release|x86.Build.0 = Release|x64
		{371B9FA9-4C90-4AC6-A123-ACED756D6C77}.Debug|Any CPU.ActiveCfg = Debug|x64
		{371B9FA9-4C90-4AC6-A123-ACED756D6C77}.Debug|Any CPU.Build.0 = Debug|x64
		{371B9FA9-4C90-4AC6-A123-ACED756D6C77}.Debug|ARM64.ActiveCfg = Debug|ARM64
		{371B9FA9-4C90-4AC6-A123-ACED756D6C77}.Debug|ARM64.Build.0 = Debug|ARM64
		{371B9FA9-4C90-4AC6-A123-ACED756D6C77}.Debug|x64.ActiveCfg = Debug|x64
		{371B9FA9-4C90-4AC6-A123-ACED756D6C77}.Debug|x64.Build.0 = Debug|x64
		{371B9FA9-4C90-4AC6-A123-ACED756D6C77}.Debug|x86.ActiveCfg = Debug|Win32
		{371B9FA9-4C90-4AC6-A123-ACED756D6C77}.Debug|x86.Build.0 = Debug|Win32
		{371B9FA9-4C90-4AC6-A123-ACED756D6C77}.Profile|Any CPU.ActiveCfg = Profile|x64
		{371B9FA9-4C90-4AC6-A123-ACED756D6C77}.Profile|Any CPU.Build.0 = Profile|x64
		{371B9FA9-4C90-4AC6-A123-ACED756D6C77}.Profile|ARM64.ActiveCfg = Profile|ARM64
		{371B9FA9-4C90-4AC6-A123-ACED756D6C77}.Profile|ARM64.Build.0 = Profile|ARM64
		{371B9FA9-4C90-4AC6-A123-ACED756D6C77}.Profile|x64.ActiveCfg = Profile|x64
		{371B9FA9-4C90-4AC6-A123-ACED756D6C77}.Profile|x64.Build.0 = Profile|x64
		{371B9FA9-4C90-4AC6-A123-ACED756D6C77}.Profile|x86.ActiveCfg = Profile|Win32
		{371B9FA9-4C90-4AC6-A123-ACED756D6C77}.Profile|x86.Build.0 = Profile|Win32
		{371B9FA9-4C90-4AC6-A123-ACED756D6C77}.Release|Any CPU.ActiveCfg = Release|x64
		{371B9FA9-4C90-4AC6-A123-ACED756D6C77}.Release|Any CPU.Build.0 = Release|x64
		{371B9FA9-4C90-4AC6-A123-ACED756D6C77}.Release|ARM64.ActiveCfg = Release|ARM64
		{371B9FA9-4C90-4AC6-A123-ACED756D6C77}.Release|ARM64.Build.0 = Release|ARM64
		{371B9FA9-4C90-4AC6-A123-ACED756D6C77}.Release|x64.ActiveCfg = Release|x64
		{371B9FA9-4C90-4AC6-A123-ACED756D6C77}.Release|x64.Build.0 = Release|x64
		{371B9FA9-4C90-4AC6-A123-ACED756D6C77}.Release|x86.ActiveCfg = Release|Win32
		{371B9FA9-4C90-4AC6-A123-ACED756D6C77}.Release|x86.Build.0 = Release|Win32
		{17D90818-B266-4AAD-808F-416C79AEBF4B}.Debug|Any CPU.ActiveCfg = Debug|Any CPU
		{17D90818-B266-4AAD-808F-416C79AEBF4B}.Debug|Any CPU.Build.0 = Debug|Any CPU
		{17D90818-B266-4AAD-808F-416C79AEBF4B}.Debug|ARM64.ActiveCfg = Debug|Any CPU
		{17D90818-B266-4AAD-808F-416C79AEBF4B}.Debug|ARM64.Build.0 = Debug|Any CPU
		{17D90818-B266-4AAD-808F-416C79AEBF4B}.Debug|x64.ActiveCfg = Debug|Any CPU
		{17D90818-B266-4AAD-808F-416C79AEBF4B}.Debug|x64.Build.0 = Debug|Any CPU
		{17D90818-B266-4AAD-808F-416C79AEBF4B}.Debug|x86.ActiveCfg = Debug|Any CPU
		{17D90818-B266-4AAD-808F-416C79AEBF4B}.Debug|x86.Build.0 = Debug|Any CPU
		{17D90818-B266-4AAD-808F-416C79AEBF4B}.Profile|Any CPU.ActiveCfg = Debug|Any CPU
		{17D90818-B266-4AAD-808F-416C79AEBF4B}.Profile|Any CPU.Build.0 = Debug|Any CPU
		{17D90818-B266-4AAD-808F-416C79AEBF4B}.Profile|ARM64.ActiveCfg = Debug|Any CPU
		{17D90818-B266-4AAD-808F-416C79AEBF4B}.Profile|ARM64.Build.0 = Debug|Any CPU
		{17D90818-B266-4AAD-808F-416C79AEBF4B}.Profile|x64.ActiveCfg = Debug|Any CPU
		{17D90818-B266-4AAD-808F-416C79AEBF4B}.Profile|x64.Build.0 = Debug|Any CPU
		{17D90818-B266-4AAD-808F-416C79AEBF4B}.Profile|x86.ActiveCfg = Debug|Any CPU
		{17D90818-B266-4AAD-808F-416C79AEBF4B}.Profile|x86.Build.0 = Debug|Any CPU
		{17D90818-B266-4AAD-808F-416C79AEBF4B}.Release|Any CPU.ActiveCfg = Release|Any CPU
		{17D90818-B266-4AAD-808F-416C79AEBF4B}.Release|Any CPU.Build.0 = Release|Any CPU
		{17D90818-B266-4AAD-808F-416C79AEBF4B}.Release|ARM64.ActiveCfg = Release|Any CPU
		{17D90818-B266-4AAD-808F-416C79AEBF4B}.Release|ARM64.Build.0 = Release|Any CPU
		{17D90818-B266-4AAD-808F-416C79AEBF4B}.Release|x64.ActiveCfg = Release|Any CPU
		{17D90818-B266-4AAD-808F-416C79AEBF4B}.Release|x64.Build.0 = Release|Any CPU
		{17D90818-B266-4AAD-808F-416C79AEBF4B}.Release|x86.ActiveCfg = Release|Any CPU
		{17D90818-B266-4AAD-808F-416C79AEBF4B}.Release|x86.Build.0 = Release|Any CPU
		{220ADB77-51FD-4354-B595-3EC08CE66B2D}.Debug|Any CPU.ActiveCfg = Debug|Any CPU
		{220ADB77-51FD-4354-B595-3EC08CE66B2D}.Debug|Any CPU.Build.0 = Debug|Any CPU
		{220ADB77-51FD-4354-B595-3EC08CE66B2D}.Debug|ARM64.ActiveCfg = Debug|Any CPU
		{220ADB77-51FD-4354-B595-3EC08CE66B2D}.Debug|ARM64.Build.0 = Debug|Any CPU
		{220ADB77-51FD-4354-B595-3EC08CE66B2D}.Debug|x64.ActiveCfg = Debug|Any CPU
		{220ADB77-51FD-4354-B595-3EC08CE66B2D}.Debug|x64.Build.0 = Debug|Any CPU
		{220ADB77-51FD-4354-B595-3EC08CE66B2D}.Debug|x86.ActiveCfg = Debug|Any CPU
		{220ADB77-51FD-4354-B595-3EC08CE66B2D}.Debug|x86.Build.0 = Debug|Any CPU
		{220ADB77-51FD-4354-B595-3EC08CE66B2D}.Profile|Any CPU.ActiveCfg = Debug|Any CPU
		{220ADB77-51FD-4354-B595-3EC08CE66B2D}.Profile|Any CPU.Build.0 = Debug|Any CPU
		{220ADB77-51FD-4354-B595-3EC08CE66B2D}.Profile|ARM64.ActiveCfg = Debug|Any CPU
		{220ADB77-51FD-4354-B595-3EC08CE66B2D}.Profile|ARM64.Build.0 = Debug|Any CPU
		{220ADB77-51FD-4354-B595-3EC08CE66B2D}.Profile|x64.ActiveCfg = Debug|Any CPU
		{220ADB77-51FD-4354-B595-3EC08CE66B2D}.Profile|x64.Build.0 = Debug|Any CPU
		{220ADB77-51FD-4354-B595-3EC08CE66B2D}.Profile|x86.ActiveCfg = Debug|Any CPU
		{220ADB77-51FD-4354-B595-3EC08CE66B2D}.Profile|x86.Build.0 = Debug|Any CPU
		{220ADB77-51FD-4354-B595-3EC08CE66B2D}.Release|Any CPU.ActiveCfg = Release|Any CPU
		{220ADB77-51FD-4354-B595-3EC08CE66B2D}.Release|Any CPU.Build.0 = Release|Any CPU
		{220ADB77-51FD-4354-B595-3EC08CE66B2D}.Release|ARM64.ActiveCfg = Release|Any CPU
		{220ADB77-51FD-4354-B595-3EC08CE66B2D}.Release|ARM64.Build.0 = Release|Any CPU
		{220ADB77-51FD-4354-B595-3EC08CE66B2D}.Release|x64.ActiveCfg = Release|Any CPU
		{220ADB77-51FD-4354-B595-3EC08CE66B2D}.Release|x64.Build.0 = Release|Any CPU
		{220ADB77-51FD-4354-B595-3EC08CE66B2D}.Release|x86.ActiveCfg = Release|Any CPU
		{220ADB77-51FD-4354-B595-3EC08CE66B2D}.Release|x86.Build.0 = Release|Any CPU
		{DEF3501C-097A-452E-8D62-8F0F18D8E26C}.Debug|Any CPU.ActiveCfg = Debug|Any CPU
		{DEF3501C-097A-452E-8D62-8F0F18D8E26C}.Debug|Any CPU.Build.0 = Debug|Any CPU
		{DEF3501C-097A-452E-8D62-8F0F18D8E26C}.Debug|ARM64.ActiveCfg = Debug|Any CPU
		{DEF3501C-097A-452E-8D62-8F0F18D8E26C}.Debug|ARM64.Build.0 = Debug|Any CPU
		{DEF3501C-097A-452E-8D62-8F0F18D8E26C}.Debug|x64.ActiveCfg = Debug|Any CPU
		{DEF3501C-097A-452E-8D62-8F0F18D8E26C}.Debug|x64.Build.0 = Debug|Any CPU
		{DEF3501C-097A-452E-8D62-8F0F18D8E26C}.Debug|x86.ActiveCfg = Debug|Any CPU
		{DEF3501C-097A-452E-8D62-8F0F18D8E26C}.Debug|x86.Build.0 = Debug|Any CPU
		{DEF3501C-097A-452E-8D62-8F0F18D8E26C}.Profile|Any CPU.ActiveCfg = Debug|Any CPU
		{DEF3501C-097A-452E-8D62-8F0F18D8E26C}.Profile|Any CPU.Build.0 = Debug|Any CPU
		{DEF3501C-097A-452E-8D62-8F0F18D8E26C}.Profile|ARM64.ActiveCfg = Debug|Any CPU
		{DEF3501C-097A-452E-8D62-8F0F18D8E26C}.Profile|ARM64.Build.0 = Debug|Any CPU
		{DEF3501C-097A-452E-8D62-8F0F18D8E26C}.Profile|x64.ActiveCfg = Debug|Any CPU
		{DEF3501C-097A-452E-8D62-8F0F18D8E26C}.Profile|x64.Build.0 = Debug|Any CPU
		{DEF3501C-097A-452E-8D62-8F0F18D8E26C}.Profile|x86.ActiveCfg = Debug|Any CPU
		{DEF3501C-097A-452E-8D62-8F0F18D8E26C}.Profile|x86.Build.0 = Debug|Any CPU
		{DEF3501C-097A-452E-8D62-8F0F18D8E26C}.Release|Any CPU.ActiveCfg = Release|Any CPU
		{DEF3501C-097A-452E-8D62-8F0F18D8E26C}.Release|Any CPU.Build.0 = Release|Any CPU
		{DEF3501C-097A-452E-8D62-8F0F18D8E26C}.Release|ARM64.ActiveCfg = Release|Any CPU
		{DEF3501C-097A-452E-8D62-8F0F18D8E26C}.Release|ARM64.Build.0 = Release|Any CPU
		{DEF3501C-097A-452E-8D62-8F0F18D8E26C}.Release|x64.ActiveCfg = Release|Any CPU
		{DEF3501C-097A-452E-8D62-8F0F18D8E26C}.Release|x64.Build.0 = Release|Any CPU
		{DEF3501C-097A-452E-8D62-8F0F18D8E26C}.Release|x86.ActiveCfg = Release|Any CPU
		{DEF3501C-097A-452E-8D62-8F0F18D8E26C}.Release|x86.Build.0 = Release|Any CPU
		{6E9D0958-DF38-4389-9F47-A73934532674}.Debug|Any CPU.ActiveCfg = Debug|Any CPU
		{6E9D0958-DF38-4389-9F47-A73934532674}.Debug|Any CPU.Build.0 = Debug|Any CPU
		{6E9D0958-DF38-4389-9F47-A73934532674}.Debug|ARM64.ActiveCfg = Debug|Any CPU
		{6E9D0958-DF38-4389-9F47-A73934532674}.Debug|ARM64.Build.0 = Debug|Any CPU
		{6E9D0958-DF38-4389-9F47-A73934532674}.Debug|x64.ActiveCfg = Debug|Any CPU
		{6E9D0958-DF38-4389-9F47-A73934532674}.Debug|x64.Build.0 = Debug|Any CPU
		{6E9D0958-DF38-4389-9F47-A73934532674}.Debug|x86.ActiveCfg = Debug|Any CPU
		{6E9D0958-DF38-4389-9F47-A73934532674}.Debug|x86.Build.0 = Debug|Any CPU
		{6E9D0958-DF38-4389-9F47-A73934532674}.Profile|Any CPU.ActiveCfg = Debug|Any CPU
		{6E9D0958-DF38-4389-9F47-A73934532674}.Profile|Any CPU.Build.0 = Debug|Any CPU
		{6E9D0958-DF38-4389-9F47-A73934532674}.Profile|ARM64.ActiveCfg = Debug|Any CPU
		{6E9D0958-DF38-4389-9F47-A73934532674}.Profile|ARM64.Build.0 = Debug|Any CPU
		{6E9D0958-DF38-4389-9F47-A73934532674}.Profile|x64.ActiveCfg = Debug|Any CPU
		{6E9D0958-DF38-4389-9F47-A73934532674}.Profile|x64.Build.0 = Debug|Any CPU
		{6E9D0958-DF38-4389-9F47-A73934532674}.Profile|x86.ActiveCfg = Debug|Any CPU
		{6E9D0958-DF38-4389-9F47-A73934532674}.Profile|x86.Build.0 = Debug|Any CPU
		{6E9D0958-DF38-4389-9F47-A73934532674}.Release|Any CPU.ActiveCfg = Release|Any CPU
		{6E9D0958-DF38-4389-9F47-A73934532674}.Release|Any CPU.Build.0 = Release|Any CPU
		{6E9D0958-DF38-4389-9F47-A73934532674}.Release|ARM64.ActiveCfg = Release|Any CPU
		{6E9D0958-DF38-4389-9F47-A73934532674}.Release|ARM64.Build.0 = Release|Any CPU
		{6E9D0958-DF38-4389-9F47-A73934532674}.Release|x64.ActiveCfg = Release|Any CPU
		{6E9D0958-DF38-4389-9F47-A73934532674}.Release|x64.Build.0 = Release|Any CPU
		{6E9D0958-DF38-4389-9F47-A73934532674}.Release|x86.ActiveCfg = Release|Any CPU
		{6E9D0958-DF38-4389-9F47-A73934532674}.Release|x86.Build.0 = Release|Any CPU
	EndGlobalSection
	GlobalSection(SolutionProperties) = preSolution
		HideSolutionNode = FALSE
	EndGlobalSection
	GlobalSection(ExtensibilityGlobals) = postSolution
		SolutionGuid = {3BCB85A8-3BE9-4CF8-BC21-41FE5EC1FD6E}
	EndGlobalSection
	GlobalSection(SharedMSBuildProjectFiles) = preSolution
		..\ImageConvert\GFDLibrary\GFDLibrary.projitems*{220adb77-51fd-4354-b595-3ec08ce66b2d}*SharedItemsImports = 5
		..\ImageConvert\GFDLibrary\GFDLibrary.projitems*{6e9d0958-df38-4389-9f47-a73934532674}*SharedItemsImports = 5
		..\ImageConvert\GFDLibrary\GFDLibrary.projitems*{a4348821-c6f3-48da-b9b2-896fa86652d3}*SharedItemsImports = 13
	EndGlobalSection
EndGlobal
